
Microsoft Visual Studio Solution File, Format Version 12.00
# Visual Studio Version 17
VisualStudioVersion = 17.2.32616.157
MinimumVisualStudioVersion = 10.0.40219.1
Project("{FAE04EC0-301F-11D3-BF4B-00C04F79EFBC}") = "ErorrHnadling", "ErorrHnadling\ErorrHnadling.csproj", "{AA59FB44-6909-442F-A799-E79FC808D8E7}"
EndProject
Global
	GlobalSection(SolutionConfigurationPlatforms) = preSolution
		Debug|Any CPU = Debug|Any CPU
		Release|Any CPU = Release|Any CPU
	EndGlobalSection
	GlobalSection(ProjectConfigurationPlatforms) = postSolution
		{AA59FB44-6909-442F-A799-E79FC808D8E7}.Debug|Any CPU.ActiveCfg = Debug|Any CPU
		{AA59FB44-6909-442F-A799-E79FC808D8E7}.Debug|Any CPU.Build.0 = Debug|Any CPU
		{AA59FB44-6909-442F-A799-E79FC808D8E7}.Release|Any CPU.ActiveCfg = Release|Any CPU
		{AA59FB44-6909-442F-A799-E79FC808D8E7}.Release|Any CPU.Build.0 = Release|Any CPU
	EndGlobalSection
	GlobalSection(SolutionProperties) = preSolution
		HideSolutionNode = FALSE
	EndGlobalSection
	GlobalSection(ExtensibilityGlobals) = postSolution
		SolutionGuid = {E24FAD35-1388-4689-A9CE-F32CB3070025}
	EndGlobalSection
EndGlobal
