
Microsoft Visual Studio Solution File, Format Version 12.00
# Visual Studio Version 17
VisualStudioVersion = 17.2.32616.157
MinimumVisualStudioVersion = 10.0.40219.1
Project("{FAE04EC0-301F-11D3-BF4B-00C04F79EFBC}") = "UsingArraysAsParameters", "UsingArraysAsParameters\UsingArraysAsParameters.csproj", "{5D120182-EF57-405C-8AA3-84017853BB43}"
EndProject
Global
	GlobalSection(SolutionConfigurationPlatforms) = preSolution
		Debug|Any CPU = Debug|Any CPU
		Release|Any CPU = Release|Any CPU
	EndGlobalSection
	GlobalSection(ProjectConfigurationPlatforms) = postSolution
		{5D120182-EF57-405C-8AA3-84017853BB43}.Debug|Any CPU.ActiveCfg = Debug|Any CPU
		{5D120182-EF57-405C-8AA3-84017853BB43}.Debug|Any CPU.Build.0 = Debug|Any CPU
		{5D120182-EF57-405C-8AA3-84017853BB43}.Release|Any CPU.ActiveCfg = Release|Any CPU
		{5D120182-EF57-405C-8AA3-84017853BB43}.Release|Any CPU.Build.0 = Release|Any CPU
	EndGlobalSection
	GlobalSection(SolutionProperties) = preSolution
		HideSolutionNode = FALSE
	EndGlobalSection
	GlobalSection(ExtensibilityGlobals) = postSolution
		SolutionGuid = {83E67401-650D-4A88-ACB6-E36F7BC74291}
	EndGlobalSection
EndGlobal
