
Microsoft Visual Studio Solution File, Format Version 12.00
# Visual Studio Version 17
VisualStudioVersion = 17.2.32616.157
MinimumVisualStudioVersion = 10.0.40219.1
Project("{FAE04EC0-301F-11D3-BF4B-00C04F79EFBC}") = "Properties", "Properties\Properties.csproj", "{7E77B3F2-83D7-488F-B17F-E80CA3A7B80B}"
EndProject
Global
	GlobalSection(SolutionConfigurationPlatforms) = preSolution
		Debug|Any CPU = Debug|Any CPU
		Release|Any CPU = Release|Any CPU
	EndGlobalSection
	GlobalSection(ProjectConfigurationPlatforms) = postSolution
		{7E77B3F2-83D7-488F-B17F-E80CA3A7B80B}.Debug|Any CPU.ActiveCfg = Debug|Any CPU
		{7E77B3F2-83D7-488F-B17F-E80CA3A7B80B}.Debug|Any CPU.Build.0 = Debug|Any CPU
		{7E77B3F2-83D7-488F-B17F-E80CA3A7B80B}.Release|Any CPU.ActiveCfg = Release|Any CPU
		{7E77B3F2-83D7-488F-B17F-E80CA3A7B80B}.Release|Any CPU.Build.0 = Release|Any CPU
	EndGlobalSection
	GlobalSection(SolutionProperties) = preSolution
		HideSolutionNode = FALSE
	EndGlobalSection
	GlobalSection(ExtensibilityGlobals) = postSolution
		SolutionGuid = {363479BD-BED1-4776-B4BC-565091763C48}
	EndGlobalSection
EndGlobal
