
Microsoft Visual Studio Solution File, Format Version 12.00
# Visual Studio Version 17
VisualStudioVersion = 17.2.32616.157
MinimumVisualStudioVersion = 10.0.40219.1
Project("{FAE04EC0-301F-11D3-BF4B-00C04F79EFBC}") = "Dictionary", "Dictionary\Dictionary.csproj", "{FF42BC74-AE3F-407E-BF8A-41F1AAC26899}"
EndProject
Global
	GlobalSection(SolutionConfigurationPlatforms) = preSolution
		Debug|Any CPU = Debug|Any CPU
		Release|Any CPU = Release|Any CPU
	EndGlobalSection
	GlobalSection(ProjectConfigurationPlatforms) = postSolution
		{FF42BC74-AE3F-407E-BF8A-41F1AAC26899}.Debug|Any CPU.ActiveCfg = Debug|Any CPU
		{FF42BC74-AE3F-407E-BF8A-41F1AAC26899}.Debug|Any CPU.Build.0 = Debug|Any CPU
		{FF42BC74-AE3F-407E-BF8A-41F1AAC26899}.Release|Any CPU.ActiveCfg = Release|Any CPU
		{FF42BC74-AE3F-407E-BF8A-41F1AAC26899}.Release|Any CPU.Build.0 = Release|Any CPU
	EndGlobalSection
	GlobalSection(SolutionProperties) = preSolution
		HideSolutionNode = FALSE
	EndGlobalSection
	GlobalSection(ExtensibilityGlobals) = postSolution
		SolutionGuid = {957EB006-3F11-4D81-9076-1A242F8C1950}
	EndGlobalSection
EndGlobal
