
Microsoft Visual Studio Solution File, Format Version 12.00
# Visual Studio Version 17
VisualStudioVersion = 17.2.32616.157
MinimumVisualStudioVersion = 10.0.40219.1
Project("{FAE04EC0-301F-11D3-BF4B-00C04F79EFBC}") = "HashTable", "HashTable\HashTable.csproj", "{005E1A83-0151-42A8-9E51-CE521A0E684E}"
EndProject
Global
	GlobalSection(SolutionConfigurationPlatforms) = preSolution
		Debug|Any CPU = Debug|Any CPU
		Release|Any CPU = Release|Any CPU
	EndGlobalSection
	GlobalSection(ProjectConfigurationPlatforms) = postSolution
		{005E1A83-0151-42A8-9E51-CE521A0E684E}.Debug|Any CPU.ActiveCfg = Debug|Any CPU
		{005E1A83-0151-42A8-9E51-CE521A0E684E}.Debug|Any CPU.Build.0 = Debug|Any CPU
		{005E1A83-0151-42A8-9E51-CE521A0E684E}.Release|Any CPU.ActiveCfg = Release|Any CPU
		{005E1A83-0151-42A8-9E51-CE521A0E684E}.Release|Any CPU.Build.0 = Release|Any CPU
	EndGlobalSection
	GlobalSection(SolutionProperties) = preSolution
		HideSolutionNode = FALSE
	EndGlobalSection
	GlobalSection(ExtensibilityGlobals) = postSolution
		SolutionGuid = {F6A02AC3-E4E6-4F03-900C-44D6CD3AAAC0}
	EndGlobalSection
EndGlobal
